
Microsoft Visual Studio Solution File, Format Version 12.00
# Visual Studio Version 16
VisualStudioVersion = 16.0.31613.86
MinimumVisualStudioVersion = 10.0.40219.1
Project("{8BC9CEB8-8B4A-11D0-8D11-00A0C91BC942}") = "Lab_4", "Lab_4\Lab_4.vcxproj", "{B70695C1-2EF2-4A0B-90A7-DE21B332792B}"
EndProject
Global
	GlobalSection(SolutionConfigurationPlatforms) = preSolution
		Debug|x64 = Debug|x64
		Debug|x86 = Debug|x86
		Release|x64 = Release|x64
		Release|x86 = Release|x86
	EndGlobalSection
	GlobalSection(ProjectConfigurationPlatforms) = postSolution
		{B70695C1-2EF2-4A0B-90A7-DE21B332792B}.Debug|x64.ActiveCfg = Debug|x64
		{B70695C1-2EF2-4A0B-90A7-DE21B332792B}.Debug|x64.Build.0 = Debug|x64
		{B70695C1-2EF2-4A0B-90A7-DE21B332792B}.Debug|x86.ActiveCfg = Debug|Win32
		{B70695C1-2EF2-4A0B-90A7-DE21B332792B}.Debug|x86.Build.0 = Debug|Win32
		{B70695C1-2EF2-4A0B-90A7-DE21B332792B}.Release|x64.ActiveCfg = Release|x64
		{B70695C1-2EF2-4A0B-90A7-DE21B332792B}.Release|x64.Build.0 = Release|x64
		{B70695C1-2EF2-4A0B-90A7-DE21B332792B}.Release|x86.ActiveCfg = Release|Win32
		{B70695C1-2EF2-4A0B-90A7-DE21B332792B}.Release|x86.Build.0 = Release|Win32
	EndGlobalSection
	GlobalSection(SolutionProperties) = preSolution
		HideSolutionNode = FALSE
	EndGlobalSection
	GlobalSection(ExtensibilityGlobals) = postSolution
		SolutionGuid = {3AA41853-2B14-4186-A6FB-F0023DDE8AC1}
	EndGlobalSection
EndGlobal
